{
  "pins" : [
    {
      "identity" : "swiftspice",
      "kind" : "remoteSourceControl",
      "location" : "https://github.com/joerup/SwiftSPICE.git",
      "state" : {
        "revision" : "1cd8ee920327e6f20ad9c6fe8bf6a96fda274ba0",
        "version" : "1.0.0"
      }
    }
  ],
  "version" : 2
}
