{
  "pins" : [
    {
      "identity" : "swiftspice",
      "kind" : "remoteSourceControl",
      "location" : "https://github.com/joerup/SwiftSPICE.git",
      "state" : {
        "revision" : "03b4ca2d91a8dd97b8d01a211e2383b15cf480c4",
        "version" : "0.7.1"
      }
    }
  ],
  "version" : 2
}
