{
  "pins" : [
    {
      "identity" : "swiftspice",
      "kind" : "remoteSourceControl",
      "location" : "https://github.com/joerup/SwiftSPICE.git",
      "state" : {
        "revision" : "f5f01856e3047cdc464457bc03151742f564d95c",
        "version" : "0.7.2"
      }
    }
  ],
  "version" : 2
}
