// !$*UTF8*$!
{
	archiveVersion = 1;
	classes = {
	};
	objectVersion = 54;
	objects = {

/* Begin PBXBuildFile section */
		010412232CFA789200658DC5 /* Planetaria.bsp in Resources */ = {isa = PBXBuildFile; fileRef = 010412222CFA789200658DC5 /* Planetaria.bsp */; };
		011CB38A2A9C2FAE00749E31 /* Navigator.swift in Sources */ = {isa = PBXBuildFile; fileRef = 011CB3892A9C2FAE00749E31 /* Navigator.swift */; };
		01255D542B696078004BC207 /* light.skybox in Resources */ = {isa = PBXBuildFile; fileRef = 01255D532B696078004BC207 /* light.skybox */; };
		01255DF02B696471004BC207 /* Triton.usdz in Resources */ = {isa = PBXBuildFile; fileRef = 01255DCD2B696471004BC207 /* Triton.usdz */; };
		01255DF12B696471004BC207 /* Enceladus.usdz in Resources */ = {isa = PBXBuildFile; fileRef = 01255DCE2B696471004BC207 /* Enceladus.usdz */; };
		01255DF22B696471004BC207 /* Charon.usdz in Resources */ = {isa = PBXBuildFile; fileRef = 01255DCF2B696471004BC207 /* Charon.usdz */; };
		01255DF32B696471004BC207 /* Pluto.usdz in Resources */ = {isa = PBXBuildFile; fileRef = 01255DD02B696471004BC207 /* Pluto.usdz */; };
		01255DF52B696471004BC207 /* Ganymede.usdz in Resources */ = {isa = PBXBuildFile; fileRef = 01255DD22B696471004BC207 /* Ganymede.usdz */; };
		01255DF62B696471004BC207 /* Eris.usdz in Resources */ = {isa = PBXBuildFile; fileRef = 01255DD32B696471004BC207 /* Eris.usdz */; };
		01255DF72B696471004BC207 /* Jupiter.usdz in Resources */ = {isa = PBXBuildFile; fileRef = 01255DD42B696471004BC207 /* Jupiter.usdz */; };
		01255DF82B696471004BC207 /* Callisto.usdz in Resources */ = {isa = PBXBuildFile; fileRef = 01255DD52B696471004BC207 /* Callisto.usdz */; };
		01255DF92B696471004BC207 /* Europa.usdz in Resources */ = {isa = PBXBuildFile; fileRef = 01255DD62B696471004BC207 /* Europa.usdz */; };
		01255DFA2B696471004BC207 /* Mimas.usdz in Resources */ = {isa = PBXBuildFile; fileRef = 01255DD72B696471004BC207 /* Mimas.usdz */; };
		01255DFC2B696471004BC207 /* Haumea.usdz in Resources */ = {isa = PBXBuildFile; fileRef = 01255DD92B696471004BC207 /* Haumea.usdz */; };
		01255DFD2B696471004BC207 /* Mercury.usdz in Resources */ = {isa = PBXBuildFile; fileRef = 01255DDA2B696471004BC207 /* Mercury.usdz */; };
		01255DFE2B696471004BC207 /* Miranda.usdz in Resources */ = {isa = PBXBuildFile; fileRef = 01255DDB2B696471004BC207 /* Miranda.usdz */; };
		01255DFF2B696471004BC207 /* Phobos.usdz in Resources */ = {isa = PBXBuildFile; fileRef = 01255DDC2B696471004BC207 /* Phobos.usdz */; };
		01255E002B696471004BC207 /* Moon.usdz in Resources */ = {isa = PBXBuildFile; fileRef = 01255DDD2B696471004BC207 /* Moon.usdz */; };
		01255E012B696471004BC207 /* Sun.usdz in Resources */ = {isa = PBXBuildFile; fileRef = 01255DDE2B696471004BC207 /* Sun.usdz */; };
		01255E022B696471004BC207 /* Deimos.usdz in Resources */ = {isa = PBXBuildFile; fileRef = 01255DDF2B696471004BC207 /* Deimos.usdz */; };
		01255E032B696471004BC207 /* Titan.usdz in Resources */ = {isa = PBXBuildFile; fileRef = 01255DE02B696471004BC207 /* Titan.usdz */; };
		01255E042B696471004BC207 /* Uranus.usdz in Resources */ = {isa = PBXBuildFile; fileRef = 01255DE12B696471004BC207 /* Uranus.usdz */; };
		01255E052B696471004BC207 /* Oberon.usdz in Resources */ = {isa = PBXBuildFile; fileRef = 01255DE22B696471004BC207 /* Oberon.usdz */; };
		01255E062B696471004BC207 /* Io.usdz in Resources */ = {isa = PBXBuildFile; fileRef = 01255DE32B696471004BC207 /* Io.usdz */; };
		01255E072B696471004BC207 /* Neptune.usdz in Resources */ = {isa = PBXBuildFile; fileRef = 01255DE42B696471004BC207 /* Neptune.usdz */; };
		01255E082B696471004BC207 /* Saturn.usdz in Resources */ = {isa = PBXBuildFile; fileRef = 01255DE52B696471004BC207 /* Saturn.usdz */; };
		01255E092B696471004BC207 /* Umbriel.usdz in Resources */ = {isa = PBXBuildFile; fileRef = 01255DE62B696471004BC207 /* Umbriel.usdz */; };
		01255E0A2B696471004BC207 /* Mars.usdz in Resources */ = {isa = PBXBuildFile; fileRef = 01255DE72B696471004BC207 /* Mars.usdz */; };
		01255E0B2B696471004BC207 /* Iapetus.usdz in Resources */ = {isa = PBXBuildFile; fileRef = 01255DE82B696471004BC207 /* Iapetus.usdz */; };
		01255E0C2B696471004BC207 /* Ariel.usdz in Resources */ = {isa = PBXBuildFile; fileRef = 01255DE92B696471004BC207 /* Ariel.usdz */; };
		01255E0D2B696471004BC207 /* Ceres.usdz in Resources */ = {isa = PBXBuildFile; fileRef = 01255DEA2B696471004BC207 /* Ceres.usdz */; };
		01255E0E2B696471004BC207 /* Rhea.usdz in Resources */ = {isa = PBXBuildFile; fileRef = 01255DEB2B696471004BC207 /* Rhea.usdz */; };
		01255E0F2B696471004BC207 /* Dione.usdz in Resources */ = {isa = PBXBuildFile; fileRef = 01255DEC2B696471004BC207 /* Dione.usdz */; };
		01255E102B696471004BC207 /* Titania.usdz in Resources */ = {isa = PBXBuildFile; fileRef = 01255DED2B696471004BC207 /* Titania.usdz */; };
		01255E112B696471004BC207 /* Tethys.usdz in Resources */ = {isa = PBXBuildFile; fileRef = 01255DEE2B696471004BC207 /* Tethys.usdz */; };
		01255E122B696471004BC207 /* Makemake.usdz in Resources */ = {isa = PBXBuildFile; fileRef = 01255DEF2B696471004BC207 /* Makemake.usdz */; };
		01489ED42B41F5C300E74447 /* Planetaria.json in Resources */ = {isa = PBXBuildFile; fileRef = 01489ED32B41F5C300E74447 /* Planetaria.json */; };
		014DBF452B64E91300ECF79A /* ObjectIcon.swift in Sources */ = {isa = PBXBuildFile; fileRef = 014DBF442B64E91300ECF79A /* ObjectIcon.swift */; };
		01682DB92B51E3000022797E /* PropertyText.swift in Sources */ = {isa = PBXBuildFile; fileRef = 017200B92B51E22E00B3744A /* PropertyText.swift */; };
		01682DBA2B51E3130022797E /* FormattedText.swift in Sources */ = {isa = PBXBuildFile; fileRef = 017200B62B51E22B00B3744A /* FormattedText.swift */; };
		01682DBC2B51E3160022797E /* Acknowledgements.swift in Sources */ = {isa = PBXBuildFile; fileRef = 017200B52B51E22B00B3744A /* Acknowledgements.swift */; };
		01682DBD2B51E31A0022797E /* SelectionRow.swift in Sources */ = {isa = PBXBuildFile; fileRef = 017200BA2B51E22E00B3744A /* SelectionRow.swift */; };
		01682DBF2B51E31C0022797E /* SelectionCard.swift in Sources */ = {isa = PBXBuildFile; fileRef = 017200BC2B51E22E00B3744A /* SelectionCard.swift */; };
		0168673A2548F1BB007D1553 /* PlanetariaApp.swift in Sources */ = {isa = PBXBuildFile; fileRef = 016867392548F1BB007D1553 /* PlanetariaApp.swift */; };
		0168673E2548F1BD007D1553 /* Assets.xcassets in Resources */ = {isa = PBXBuildFile; fileRef = 0168673D2548F1BD007D1553 /* Assets.xcassets */; };
		016DCD2B2B467C6F0030B614 /* Planetaria-descriptions.strings in Resources */ = {isa = PBXBuildFile; fileRef = 016DCD2A2B467C6F0030B614 /* Planetaria-descriptions.strings */; };
		017166882B45263000A955D2 /* Launcher.swift in Sources */ = {isa = PBXBuildFile; fileRef = 017166872B45263000A955D2 /* Launcher.swift */; };
		0171668A2B45B1A600A955D2 /* ObjectDetails.swift in Sources */ = {isa = PBXBuildFile; fileRef = 017166892B45B1A600A955D2 /* ObjectDetails.swift */; };
		0171668C2B45B1AB00A955D2 /* SystemDetails.swift in Sources */ = {isa = PBXBuildFile; fileRef = 0171668B2B45B1AB00A955D2 /* SystemDetails.swift */; };
		01A1B22A2CE105F90012A253 /* Earth-old.usdz in Resources */ = {isa = PBXBuildFile; fileRef = 01A1B2292CE105F90012A253 /* Earth-old.usdz */; };
		01A1E96D2CCEC542006E0968 /* ellipse.json in Resources */ = {isa = PBXBuildFile; fileRef = 01A1E96C2CCEC542006E0968 /* ellipse.json */; };
		01ACBD0A2CCB4F1A00775D99 /* ScrollSheet.swift in Sources */ = {isa = PBXBuildFile; fileRef = 01ACBD092CCB4F1500775D99 /* ScrollSheet.swift */; };
		01B13FD92CD42CA7009E4569 /* ControlButton.swift in Sources */ = {isa = PBXBuildFile; fileRef = 01B13FD82CD42C9E009E4569 /* ControlButton.swift */; };
		01B13FEB2CD77084009E4569 /* Earth.usdz in Resources */ = {isa = PBXBuildFile; fileRef = 01B13FEA2CD77084009E4569 /* Earth.usdz */; };
		01B1642D2CBCF0A900CA663B /* ColorMaterialScene.usdz in Resources */ = {isa = PBXBuildFile; fileRef = 01B1642C2CBCF0A900CA663B /* ColorMaterialScene.usdz */; };
		01B540E02B43929D00D5AF51 /* Planetaria.json in Resources */ = {isa = PBXBuildFile; fileRef = 01B540DF2B43929D00D5AF51 /* Planetaria.json */; };
		01B9BB0C2B5CA95800933E60 /* PhotoView.swift in Sources */ = {isa = PBXBuildFile; fileRef = 01B9BB0B2B5CA95800933E60 /* PhotoView.swift */; };
		01C7BE7B2A8C64F80021D753 /* PlanetariaData in Frameworks */ = {isa = PBXBuildFile; productRef = 01C7BE7A2A8C64F80021D753 /* PlanetariaData */; };
		01D4C7972A8C8EE5000F59B7 /* PlanetariaWatchApp.swift in Sources */ = {isa = PBXBuildFile; fileRef = 01D4C7962A8C8EE5000F59B7 /* PlanetariaWatchApp.swift */; };
		01D4C79B2A8C8EE6000F59B7 /* Assets.xcassets in Resources */ = {isa = PBXBuildFile; fileRef = 01D4C79A2A8C8EE6000F59B7 /* Assets.xcassets */; };
		01D4C79E2A8C8EE6000F59B7 /* Preview Assets.xcassets in Resources */ = {isa = PBXBuildFile; fileRef = 01D4C79D2A8C8EE6000F59B7 /* Preview Assets.xcassets */; };
		01D4C7A32A8C8F6C000F59B7 /* PlanetariaData in Frameworks */ = {isa = PBXBuildFile; productRef = 01D4C7A22A8C8F6C000F59B7 /* PlanetariaData */; };
		01D62B322CC43153005AD8F7 /* SearchMenu.swift in Sources */ = {isa = PBXBuildFile; fileRef = 01D62B312CC4314F005AD8F7 /* SearchMenu.swift */; };
		01E840302A1FB2C000B2153E /* Settings.swift in Sources */ = {isa = PBXBuildFile; fileRef = 01E8402F2A1FB2C000B2153E /* Settings.swift */; };
		01F2B7EB2CD81C9700179385 /* Venus.usdz in Resources */ = {isa = PBXBuildFile; fileRef = 01F2B7EA2CD81C9700179385 /* Venus.usdz */; };
		01FC6B202B67E6FF00380474 /* sample.json in Resources */ = {isa = PBXBuildFile; fileRef = 01FC6B1F2B67E6FF00380474 /* sample.json */; };
/* End PBXBuildFile section */

/* Begin PBXContainerItemProxy section */
		016867482548F1BD007D1553 /* PBXContainerItemProxy */ = {
			isa = PBXContainerItemProxy;
			containerPortal = 0168672E2548F1BB007D1553 /* Project object */;
			proxyType = 1;
			remoteGlobalIDString = 016867352548F1BB007D1553;
			remoteInfo = Planets;
		};
		016867532548F1BD007D1553 /* PBXContainerItemProxy */ = {
			isa = PBXContainerItemProxy;
			containerPortal = 0168672E2548F1BB007D1553 /* Project object */;
			proxyType = 1;
			remoteGlobalIDString = 016867352548F1BB007D1553;
			remoteInfo = Planets;
		};
/* End PBXContainerItemProxy section */

/* Begin PBXFileReference section */
		010412222CFA789200658DC5 /* Planetaria.bsp */ = {isa = PBXFileReference; lastKnownFileType = file; path = Planetaria.bsp; sourceTree = "<group>"; };
		011CB3892A9C2FAE00749E31 /* Navigator.swift */ = {isa = PBXFileReference; lastKnownFileType = sourcecode.swift; path = Navigator.swift; sourceTree = "<group>"; };
		01255D532B696078004BC207 /* light.skybox */ = {isa = PBXFileReference; lastKnownFileType = file.skybox; path = light.skybox; sourceTree = "<group>"; };
		01255DCD2B696471004BC207 /* Triton.usdz */ = {isa = PBXFileReference; lastKnownFileType = file.usdz; path = Triton.usdz; sourceTree = "<group>"; };
		01255DCE2B696471004BC207 /* Enceladus.usdz */ = {isa = PBXFileReference; lastKnownFileType = file.usdz; path = Enceladus.usdz; sourceTree = "<group>"; };
		01255DCF2B696471004BC207 /* Charon.usdz */ = {isa = PBXFileReference; lastKnownFileType = file.usdz; path = Charon.usdz; sourceTree = "<group>"; };
		01255DD02B696471004BC207 /* Pluto.usdz */ = {isa = PBXFileReference; lastKnownFileType = file.usdz; path = Pluto.usdz; sourceTree = "<group>"; };
		01255DD22B696471004BC207 /* Ganymede.usdz */ = {isa = PBXFileReference; lastKnownFileType = file.usdz; path = Ganymede.usdz; sourceTree = "<group>"; };
		01255DD32B696471004BC207 /* Eris.usdz */ = {isa = PBXFileReference; lastKnownFileType = file.usdz; path = Eris.usdz; sourceTree = "<group>"; };
		01255DD42B696471004BC207 /* Jupiter.usdz */ = {isa = PBXFileReference; lastKnownFileType = file.usdz; path = Jupiter.usdz; sourceTree = "<group>"; };
		01255DD52B696471004BC207 /* Callisto.usdz */ = {isa = PBXFileReference; lastKnownFileType = file.usdz; path = Callisto.usdz; sourceTree = "<group>"; };
		01255DD62B696471004BC207 /* Europa.usdz */ = {isa = PBXFileReference; lastKnownFileType = file.usdz; path = Europa.usdz; sourceTree = "<group>"; };
		01255DD72B696471004BC207 /* Mimas.usdz */ = {isa = PBXFileReference; lastKnownFileType = file.usdz; path = Mimas.usdz; sourceTree = "<group>"; };
		01255DD92B696471004BC207 /* Haumea.usdz */ = {isa = PBXFileReference; lastKnownFileType = file.usdz; path = Haumea.usdz; sourceTree = "<group>"; };
		01255DDA2B696471004BC207 /* Mercury.usdz */ = {isa = PBXFileReference; lastKnownFileType = file.usdz; path = Mercury.usdz; sourceTree = "<group>"; };
		01255DDB2B696471004BC207 /* Miranda.usdz */ = {isa = PBXFileReference; lastKnownFileType = file.usdz; path = Miranda.usdz; sourceTree = "<group>"; };
		01255DDC2B696471004BC207 /* Phobos.usdz */ = {isa = PBXFileReference; lastKnownFileType = file.usdz; path = Phobos.usdz; sourceTree = "<group>"; };
		01255DDD2B696471004BC207 /* Moon.usdz */ = {isa = PBXFileReference; lastKnownFileType = file.usdz; path = Moon.usdz; sourceTree = "<group>"; };
		01255DDE2B696471004BC207 /* Sun.usdz */ = {isa = PBXFileReference; lastKnownFileType = file.usdz; path = Sun.usdz; sourceTree = "<group>"; };
		01255DDF2B696471004BC207 /* Deimos.usdz */ = {isa = PBXFileReference; lastKnownFileType = file.usdz; path = Deimos.usdz; sourceTree = "<group>"; };
		01255DE02B696471004BC207 /* Titan.usdz */ = {isa = PBXFileReference; lastKnownFileType = file.usdz; path = Titan.usdz; sourceTree = "<group>"; };
		01255DE12B696471004BC207 /* Uranus.usdz */ = {isa = PBXFileReference; lastKnownFileType = file.usdz; path = Uranus.usdz; sourceTree = "<group>"; };
		01255DE22B696471004BC207 /* Oberon.usdz */ = {isa = PBXFileReference; lastKnownFileType = file.usdz; path = Oberon.usdz; sourceTree = "<group>"; };
		01255DE32B696471004BC207 /* Io.usdz */ = {isa = PBXFileReference; lastKnownFileType = file.usdz; path = Io.usdz; sourceTree = "<group>"; };
		01255DE42B696471004BC207 /* Neptune.usdz */ = {isa = PBXFileReference; lastKnownFileType = file.usdz; path = Neptune.usdz; sourceTree = "<group>"; };
		01255DE52B696471004BC207 /* Saturn.usdz */ = {isa = PBXFileReference; lastKnownFileType = file.usdz; path = Saturn.usdz; sourceTree = "<group>"; };
		01255DE62B696471004BC207 /* Umbriel.usdz */ = {isa = PBXFileReference; lastKnownFileType = file.usdz; path = Umbriel.usdz; sourceTree = "<group>"; };
		01255DE72B696471004BC207 /* Mars.usdz */ = {isa = PBXFileReference; lastKnownFileType = file.usdz; path = Mars.usdz; sourceTree = "<group>"; };
		01255DE82B696471004BC207 /* Iapetus.usdz */ = {isa = PBXFileReference; lastKnownFileType = file.usdz; path = Iapetus.usdz; sourceTree = "<group>"; };
		01255DE92B696471004BC207 /* Ariel.usdz */ = {isa = PBXFileReference; lastKnownFileType = file.usdz; path = Ariel.usdz; sourceTree = "<group>"; };
		01255DEA2B696471004BC207 /* Ceres.usdz */ = {isa = PBXFileReference; lastKnownFileType = file.usdz; path = Ceres.usdz; sourceTree = "<group>"; };
		01255DEB2B696471004BC207 /* Rhea.usdz */ = {isa = PBXFileReference; lastKnownFileType = file.usdz; path = Rhea.usdz; sourceTree = "<group>"; };
		01255DEC2B696471004BC207 /* Dione.usdz */ = {isa = PBXFileReference; lastKnownFileType = file.usdz; path = Dione.usdz; sourceTree = "<group>"; };
		01255DED2B696471004BC207 /* Titania.usdz */ = {isa = PBXFileReference; lastKnownFileType = file.usdz; path = Titania.usdz; sourceTree = "<group>"; };
		01255DEE2B696471004BC207 /* Tethys.usdz */ = {isa = PBXFileReference; lastKnownFileType = file.usdz; path = Tethys.usdz; sourceTree = "<group>"; };
		01255DEF2B696471004BC207 /* Makemake.usdz */ = {isa = PBXFileReference; lastKnownFileType = file.usdz; path = Makemake.usdz; sourceTree = "<group>"; };
		012BD6CE2A8C6332009907CC /* PlanetariaData */ = {isa = PBXFileReference; lastKnownFileType = wrapper; path = PlanetariaData; sourceTree = "<group>"; };
		01489ED32B41F5C300E74447 /* Planetaria.json */ = {isa = PBXFileReference; fileEncoding = 4; lastKnownFileType = text.json; path = Planetaria.json; sourceTree = "<group>"; };
		014DBF442B64E91300ECF79A /* ObjectIcon.swift */ = {isa = PBXFileReference; lastKnownFileType = sourcecode.swift; path = ObjectIcon.swift; sourceTree = "<group>"; };
		016867362548F1BB007D1553 /* Planetaria.app */ = {isa = PBXFileReference; explicitFileType = wrapper.application; includeInIndex = 0; path = Planetaria.app; sourceTree = BUILT_PRODUCTS_DIR; };
		016867392548F1BB007D1553 /* PlanetariaApp.swift */ = {isa = PBXFileReference; lastKnownFileType = sourcecode.swift; path = PlanetariaApp.swift; sourceTree = "<group>"; };
		0168673D2548F1BD007D1553 /* Assets.xcassets */ = {isa = PBXFileReference; lastKnownFileType = folder.assetcatalog; path = Assets.xcassets; sourceTree = "<group>"; };
		016867422548F1BD007D1553 /* Info.plist */ = {isa = PBXFileReference; lastKnownFileType = text.plist.xml; path = Info.plist; sourceTree = "<group>"; };
		016867472548F1BD007D1553 /* PlanetariaTests.xctest */ = {isa = PBXFileReference; explicitFileType = wrapper.cfbundle; includeInIndex = 0; path = PlanetariaTests.xctest; sourceTree = BUILT_PRODUCTS_DIR; };
		016867522548F1BD007D1553 /* PlanetariaUITests.xctest */ = {isa = PBXFileReference; explicitFileType = wrapper.cfbundle; includeInIndex = 0; path = PlanetariaUITests.xctest; sourceTree = BUILT_PRODUCTS_DIR; };
		016DCD2A2B467C6F0030B614 /* Planetaria-descriptions.strings */ = {isa = PBXFileReference; fileEncoding = 4; lastKnownFileType = text.plist.strings; path = "Planetaria-descriptions.strings"; sourceTree = "<group>"; };
		017166872B45263000A955D2 /* Launcher.swift */ = {isa = PBXFileReference; lastKnownFileType = sourcecode.swift; path = Launcher.swift; sourceTree = "<group>"; };
		017166892B45B1A600A955D2 /* ObjectDetails.swift */ = {isa = PBXFileReference; lastKnownFileType = sourcecode.swift; path = ObjectDetails.swift; sourceTree = "<group>"; };
		0171668B2B45B1AB00A955D2 /* SystemDetails.swift */ = {isa = PBXFileReference; lastKnownFileType = sourcecode.swift; path = SystemDetails.swift; sourceTree = "<group>"; };
		017200B52B51E22B00B3744A /* Acknowledgements.swift */ = {isa = PBXFileReference; lastKnownFileType = sourcecode.swift; path = Acknowledgements.swift; sourceTree = "<group>"; };
		017200B62B51E22B00B3744A /* FormattedText.swift */ = {isa = PBXFileReference; lastKnownFileType = sourcecode.swift; path = FormattedText.swift; sourceTree = "<group>"; };
		017200B92B51E22E00B3744A /* PropertyText.swift */ = {isa = PBXFileReference; lastKnownFileType = sourcecode.swift; path = PropertyText.swift; sourceTree = "<group>"; };
		017200BA2B51E22E00B3744A /* SelectionRow.swift */ = {isa = PBXFileReference; lastKnownFileType = sourcecode.swift; path = SelectionRow.swift; sourceTree = "<group>"; };
		017200BC2B51E22E00B3744A /* SelectionCard.swift */ = {isa = PBXFileReference; lastKnownFileType = sourcecode.swift; path = SelectionCard.swift; sourceTree = "<group>"; };
		01A1B2292CE105F90012A253 /* Earth-old.usdz */ = {isa = PBXFileReference; lastKnownFileType = file; path = "Earth-old.usdz"; sourceTree = "<group>"; };
		01A1E96C2CCEC542006E0968 /* ellipse.json */ = {isa = PBXFileReference; lastKnownFileType = text.json; path = ellipse.json; sourceTree = "<group>"; };
		01ABDCF625D4CA0E003828F3 /* Planetaria.entitlements */ = {isa = PBXFileReference; lastKnownFileType = text.plist.entitlements; path = Planetaria.entitlements; sourceTree = "<group>"; };
		01ACBD092CCB4F1500775D99 /* ScrollSheet.swift */ = {isa = PBXFileReference; lastKnownFileType = sourcecode.swift; path = ScrollSheet.swift; sourceTree = "<group>"; };
		01B13FD82CD42C9E009E4569 /* ControlButton.swift */ = {isa = PBXFileReference; lastKnownFileType = sourcecode.swift; path = ControlButton.swift; sourceTree = "<group>"; };
		01B13FEA2CD77084009E4569 /* Earth.usdz */ = {isa = PBXFileReference; lastKnownFileType = file; path = Earth.usdz; sourceTree = "<group>"; };
		01B1642C2CBCF0A900CA663B /* ColorMaterialScene.usdz */ = {isa = PBXFileReference; lastKnownFileType = file; path = ColorMaterialScene.usdz; sourceTree = "<group>"; };
		01B540DF2B43929D00D5AF51 /* Planetaria.json */ = {isa = PBXFileReference; fileEncoding = 4; lastKnownFileType = text.json; path = Planetaria.json; sourceTree = "<group>"; };
		01B9BB0B2B5CA95800933E60 /* PhotoView.swift */ = {isa = PBXFileReference; lastKnownFileType = sourcecode.swift; path = PhotoView.swift; sourceTree = "<group>"; };
		01D4C7942A8C8EE5000F59B7 /* PlanetariaWatch Watch App.app */ = {isa = PBXFileReference; explicitFileType = wrapper.application; includeInIndex = 0; path = "PlanetariaWatch Watch App.app"; sourceTree = BUILT_PRODUCTS_DIR; };
		01D4C7962A8C8EE5000F59B7 /* PlanetariaWatchApp.swift */ = {isa = PBXFileReference; lastKnownFileType = sourcecode.swift; path = PlanetariaWatchApp.swift; sourceTree = "<group>"; };
		01D4C79A2A8C8EE6000F59B7 /* Assets.xcassets */ = {isa = PBXFileReference; lastKnownFileType = folder.assetcatalog; path = Assets.xcassets; sourceTree = "<group>"; };
		01D4C79D2A8C8EE6000F59B7 /* Preview Assets.xcassets */ = {isa = PBXFileReference; lastKnownFileType = folder.assetcatalog; path = "Preview Assets.xcassets"; sourceTree = "<group>"; };
		01D62B312CC4314F005AD8F7 /* SearchMenu.swift */ = {isa = PBXFileReference; lastKnownFileType = sourcecode.swift; path = SearchMenu.swift; sourceTree = "<group>"; };
		01E8402F2A1FB2C000B2153E /* Settings.swift */ = {isa = PBXFileReference; lastKnownFileType = sourcecode.swift; path = Settings.swift; sourceTree = "<group>"; };
		01F2B7EA2CD81C9700179385 /* Venus.usdz */ = {isa = PBXFileReference; lastKnownFileType = file; path = Venus.usdz; sourceTree = "<group>"; };
		01FC6B1F2B67E6FF00380474 /* sample.json */ = {isa = PBXFileReference; fileEncoding = 4; lastKnownFileType = text.json; path = sample.json; sourceTree = "<group>"; };
/* End PBXFileReference section */

/* Begin PBXFrameworksBuildPhase section */
		016867332548F1BB007D1553 /* Frameworks */ = {
			isa = PBXFrameworksBuildPhase;
			buildActionMask = 2147483647;
			files = (
				01C7BE7B2A8C64F80021D753 /* PlanetariaData in Frameworks */,
			);
			runOnlyForDeploymentPostprocessing = 0;
		};
		016867442548F1BD007D1553 /* Frameworks */ = {
			isa = PBXFrameworksBuildPhase;
			buildActionMask = 2147483647;
			files = (
			);
			runOnlyForDeploymentPostprocessing = 0;
		};
		0168674F2548F1BD007D1553 /* Frameworks */ = {
			isa = PBXFrameworksBuildPhase;
			buildActionMask = 2147483647;
			files = (
			);
			runOnlyForDeploymentPostprocessing = 0;
		};
		01D4C7912A8C8EE5000F59B7 /* Frameworks */ = {
			isa = PBXFrameworksBuildPhase;
			buildActionMask = 2147483647;
			files = (
				01D4C7A32A8C8F6C000F59B7 /* PlanetariaData in Frameworks */,
			);
			runOnlyForDeploymentPostprocessing = 0;
		};
/* End PBXFrameworksBuildPhase section */

/* Begin PBXGroup section */
		0109A09A2B6754C300FD18CE /* Resources */ = {
			isa = PBXGroup;
			children = (
				01B1642C2CBCF0A900CA663B /* ColorMaterialScene.usdz */,
				0168673D2548F1BD007D1553 /* Assets.xcassets */,
				01255DCC2B696471004BC207 /* 3D Models */,
				01255D532B696078004BC207 /* light.skybox */,
			);
			path = Resources;
			sourceTree = "<group>";
		};
		01255DCC2B696471004BC207 /* 3D Models */ = {
			isa = PBXGroup;
			children = (
				01255DCD2B696471004BC207 /* Triton.usdz */,
				01255DCE2B696471004BC207 /* Enceladus.usdz */,
				01255DCF2B696471004BC207 /* Charon.usdz */,
				01255DD02B696471004BC207 /* Pluto.usdz */,
				01255DD22B696471004BC207 /* Ganymede.usdz */,
				01B13FEA2CD77084009E4569 /* Earth.usdz */,
				01A1B2292CE105F90012A253 /* Earth-old.usdz */,
				01F2B7EA2CD81C9700179385 /* Venus.usdz */,
				01255DD32B696471004BC207 /* Eris.usdz */,
				01255DD42B696471004BC207 /* Jupiter.usdz */,
				01255DD52B696471004BC207 /* Callisto.usdz */,
				01255DD62B696471004BC207 /* Europa.usdz */,
				01255DD72B696471004BC207 /* Mimas.usdz */,
				01255DD92B696471004BC207 /* Haumea.usdz */,
				01255DDA2B696471004BC207 /* Mercury.usdz */,
				01255DDB2B696471004BC207 /* Miranda.usdz */,
				01255DDC2B696471004BC207 /* Phobos.usdz */,
				01255DDD2B696471004BC207 /* Moon.usdz */,
				01255DDE2B696471004BC207 /* Sun.usdz */,
				01255DDF2B696471004BC207 /* Deimos.usdz */,
				01255DE02B696471004BC207 /* Titan.usdz */,
				01255DE12B696471004BC207 /* Uranus.usdz */,
				01255DE22B696471004BC207 /* Oberon.usdz */,
				01255DE32B696471004BC207 /* Io.usdz */,
				01255DE42B696471004BC207 /* Neptune.usdz */,
				01255DE52B696471004BC207 /* Saturn.usdz */,
				01255DE62B696471004BC207 /* Umbriel.usdz */,
				01255DE72B696471004BC207 /* Mars.usdz */,
				01255DE82B696471004BC207 /* Iapetus.usdz */,
				01255DE92B696471004BC207 /* Ariel.usdz */,
				01255DEA2B696471004BC207 /* Ceres.usdz */,
				01255DEB2B696471004BC207 /* Rhea.usdz */,
				01255DEC2B696471004BC207 /* Dione.usdz */,
				01255DED2B696471004BC207 /* Titania.usdz */,
				01255DEE2B696471004BC207 /* Tethys.usdz */,
				01255DEF2B696471004BC207 /* Makemake.usdz */,
			);
			path = "3D Models";
			sourceTree = "<group>";
		};
		0140923A2B630E100001E631 /* Helper Views */ = {
			isa = PBXGroup;
			children = (
				017200BA2B51E22E00B3744A /* SelectionRow.swift */,
				017200BC2B51E22E00B3744A /* SelectionCard.swift */,
				01B9BB0B2B5CA95800933E60 /* PhotoView.swift */,
				014DBF442B64E91300ECF79A /* ObjectIcon.swift */,
				01B13FD82CD42C9E009E4569 /* ControlButton.swift */,
				01ACBD092CCB4F1500775D99 /* ScrollSheet.swift */,
				017200B92B51E22E00B3744A /* PropertyText.swift */,
				017200B62B51E22B00B3744A /* FormattedText.swift */,
				017200B52B51E22B00B3744A /* Acknowledgements.swift */,
			);
			path = "Helper Views";
			sourceTree = "<group>";
		};
		0168672D2548F1BB007D1553 = {
			isa = PBXGroup;
			children = (
				016867382548F1BB007D1553 /* Planetaria */,
				01D4C7952A8C8EE5000F59B7 /* PlanetariaWatch Watch App */,
				012BD6CE2A8C6332009907CC /* PlanetariaData */,
				016867372548F1BB007D1553 /* Products */,
				01C7BE792A8C64F80021D753 /* Frameworks */,
			);
			sourceTree = "<group>";
		};
		016867372548F1BB007D1553 /* Products */ = {
			isa = PBXGroup;
			children = (
				016867362548F1BB007D1553 /* Planetaria.app */,
				016867472548F1BD007D1553 /* PlanetariaTests.xctest */,
				016867522548F1BD007D1553 /* PlanetariaUITests.xctest */,
				01D4C7942A8C8EE5000F59B7 /* PlanetariaWatch Watch App.app */,
			);
			name = Products;
			sourceTree = "<group>";
		};
		016867382548F1BB007D1553 /* Planetaria */ = {
			isa = PBXGroup;
			children = (
				01ABDCF625D4CA0E003828F3 /* Planetaria.entitlements */,
				016867392548F1BB007D1553 /* PlanetariaApp.swift */,
				011CB3892A9C2FAE00749E31 /* Navigator.swift */,
				017166872B45263000A955D2 /* Launcher.swift */,
				0171668B2B45B1AB00A955D2 /* SystemDetails.swift */,
				017166892B45B1A600A955D2 /* ObjectDetails.swift */,
				01D62B312CC4314F005AD8F7 /* SearchMenu.swift */,
				01E8402F2A1FB2C000B2153E /* Settings.swift */,
				0140923A2B630E100001E631 /* Helper Views */,
				0109A09A2B6754C300FD18CE /* Resources */,
				01489ED32B41F5C300E74447 /* Planetaria.json */,
				016DCD2A2B467C6F0030B614 /* Planetaria-descriptions.strings */,
				010412222CFA789200658DC5 /* Planetaria.bsp */,
				01FC6B1F2B67E6FF00380474 /* sample.json */,
				01A1E96C2CCEC542006E0968 /* ellipse.json */,
				016867422548F1BD007D1553 /* Info.plist */,
			);
			path = Planetaria;
			sourceTree = "<group>";
		};
		01C7BE792A8C64F80021D753 /* Frameworks */ = {
			isa = PBXGroup;
			children = (
			);
			name = Frameworks;
			sourceTree = "<group>";
		};
		01D4C7952A8C8EE5000F59B7 /* PlanetariaWatch Watch App */ = {
			isa = PBXGroup;
			children = (
				01D4C7962A8C8EE5000F59B7 /* PlanetariaWatchApp.swift */,
				01D4C79A2A8C8EE6000F59B7 /* Assets.xcassets */,
				01B540DF2B43929D00D5AF51 /* Planetaria.json */,
				01D4C79C2A8C8EE6000F59B7 /* Preview Content */,
			);
			path = "PlanetariaWatch Watch App";
			sourceTree = "<group>";
		};
		01D4C79C2A8C8EE6000F59B7 /* Preview Content */ = {
			isa = PBXGroup;
			children = (
				01D4C79D2A8C8EE6000F59B7 /* Preview Assets.xcassets */,
			);
			path = "Preview Content";
			sourceTree = "<group>";
		};
/* End PBXGroup section */

/* Begin PBXNativeTarget section */
		016867352548F1BB007D1553 /* Planetaria */ = {
			isa = PBXNativeTarget;
			buildConfigurationList = 0168675B2548F1BD007D1553 /* Build configuration list for PBXNativeTarget "Planetaria" */;
			buildPhases = (
				016867322548F1BB007D1553 /* Sources */,
				016867332548F1BB007D1553 /* Frameworks */,
				016867342548F1BB007D1553 /* Resources */,
			);
			buildRules = (
			);
			dependencies = (
			);
			name = Planetaria;
			packageProductDependencies = (
				01C7BE7A2A8C64F80021D753 /* PlanetariaData */,
			);
			productName = Planets;
			productReference = 016867362548F1BB007D1553 /* Planetaria.app */;
			productType = "com.apple.product-type.application";
		};
		016867462548F1BD007D1553 /* PlanetariaTests */ = {
			isa = PBXNativeTarget;
			buildConfigurationList = 0168675E2548F1BD007D1553 /* Build configuration list for PBXNativeTarget "PlanetariaTests" */;
			buildPhases = (
				016867432548F1BD007D1553 /* Sources */,
				016867442548F1BD007D1553 /* Frameworks */,
				016867452548F1BD007D1553 /* Resources */,
			);
			buildRules = (
			);
			dependencies = (
				016867492548F1BD007D1553 /* PBXTargetDependency */,
			);
			name = PlanetariaTests;
			productName = PlanetsTests;
			productReference = 016867472548F1BD007D1553 /* PlanetariaTests.xctest */;
			productType = "com.apple.product-type.bundle.unit-test";
		};
		016867512548F1BD007D1553 /* PlanetariaUITests */ = {
			isa = PBXNativeTarget;
			buildConfigurationList = 016867612548F1BD007D1553 /* Build configuration list for PBXNativeTarget "PlanetariaUITests" */;
			buildPhases = (
				0168674E2548F1BD007D1553 /* Sources */,
				0168674F2548F1BD007D1553 /* Frameworks */,
				016867502548F1BD007D1553 /* Resources */,
			);
			buildRules = (
			);
			dependencies = (
				016867542548F1BD007D1553 /* PBXTargetDependency */,
			);
			name = PlanetariaUITests;
			productName = PlanetsUITests;
			productReference = 016867522548F1BD007D1553 /* PlanetariaUITests.xctest */;
			productType = "com.apple.product-type.bundle.ui-testing";
		};
		01D4C7932A8C8EE5000F59B7 /* PlanetariaWatch Watch App */ = {
			isa = PBXNativeTarget;
			buildConfigurationList = 01D4C79F2A8C8EE6000F59B7 /* Build configuration list for PBXNativeTarget "PlanetariaWatch Watch App" */;
			buildPhases = (
				01D4C7902A8C8EE5000F59B7 /* Sources */,
				01D4C7912A8C8EE5000F59B7 /* Frameworks */,
				01D4C7922A8C8EE5000F59B7 /* Resources */,
			);
			buildRules = (
			);
			dependencies = (
			);
			name = "PlanetariaWatch Watch App";
			packageProductDependencies = (
				01D4C7A22A8C8F6C000F59B7 /* PlanetariaData */,
			);
			productName = "PlanetariaWatch Watch App";
			productReference = 01D4C7942A8C8EE5000F59B7 /* PlanetariaWatch Watch App.app */;
			productType = "com.apple.product-type.application";
		};
/* End PBXNativeTarget section */

/* Begin PBXProject section */
		0168672E2548F1BB007D1553 /* Project object */ = {
			isa = PBXProject;
			attributes = {
				LastSwiftUpdateCheck = 1420;
				LastUpgradeCheck = 1200;
				TargetAttributes = {
					016867352548F1BB007D1553 = {
						CreatedOnToolsVersion = 12.0;
					};
					016867462548F1BD007D1553 = {
						CreatedOnToolsVersion = 12.0;
						TestTargetID = 016867352548F1BB007D1553;
					};
					016867512548F1BD007D1553 = {
						CreatedOnToolsVersion = 12.0;
						TestTargetID = 016867352548F1BB007D1553;
					};
					01D4C7932A8C8EE5000F59B7 = {
						CreatedOnToolsVersion = 14.2;
					};
				};
			};
			buildConfigurationList = 016867312548F1BB007D1553 /* Build configuration list for PBXProject "Planetaria" */;
			compatibilityVersion = "Xcode 9.3";
			developmentRegion = en;
			hasScannedForEncodings = 0;
			knownRegions = (
				en,
				Base,
			);
			mainGroup = 0168672D2548F1BB007D1553;
			productRefGroup = 016867372548F1BB007D1553 /* Products */;
			projectDirPath = "";
			projectRoot = "";
			targets = (
				016867352548F1BB007D1553 /* Planetaria */,
				01D4C7932A8C8EE5000F59B7 /* PlanetariaWatch Watch App */,
				016867462548F1BD007D1553 /* PlanetariaTests */,
				016867512548F1BD007D1553 /* PlanetariaUITests */,
			);
		};
/* End PBXProject section */

/* Begin PBXResourcesBuildPhase section */
		016867342548F1BB007D1553 /* Resources */ = {
			isa = PBXResourcesBuildPhase;
			buildActionMask = 2147483647;
			files = (
				01A1E96D2CCEC542006E0968 /* ellipse.json in Resources */,
				01255E032B696471004BC207 /* Titan.usdz in Resources */,
				01255E062B696471004BC207 /* Io.usdz in Resources */,
				016DCD2B2B467C6F0030B614 /* Planetaria-descriptions.strings in Resources */,
				01255E002B696471004BC207 /* Moon.usdz in Resources */,
				01255E0C2B696471004BC207 /* Ariel.usdz in Resources */,
				01255E0B2B696471004BC207 /* Iapetus.usdz in Resources */,
				01255DF82B696471004BC207 /* Callisto.usdz in Resources */,
				01FC6B202B67E6FF00380474 /* sample.json in Resources */,
				01255DFC2B696471004BC207 /* Haumea.usdz in Resources */,
				01255E022B696471004BC207 /* Deimos.usdz in Resources */,
				01255E052B696471004BC207 /* Oberon.usdz in Resources */,
				01255E122B696471004BC207 /* Makemake.usdz in Resources */,
				01255DF52B696471004BC207 /* Ganymede.usdz in Resources */,
				01255DF02B696471004BC207 /* Triton.usdz in Resources */,
				01255DFA2B696471004BC207 /* Mimas.usdz in Resources */,
				01255E112B696471004BC207 /* Tethys.usdz in Resources */,
				0168673E2548F1BD007D1553 /* Assets.xcassets in Resources */,
				01255D542B696078004BC207 /* light.skybox in Resources */,
				01255E092B696471004BC207 /* Umbriel.usdz in Resources */,
				01B13FEB2CD77084009E4569 /* Earth.usdz in Resources */,
				01255E0F2B696471004BC207 /* Dione.usdz in Resources */,
				01255DFD2B696471004BC207 /* Mercury.usdz in Resources */,
				01255E082B696471004BC207 /* Saturn.usdz in Resources */,
				01255E072B696471004BC207 /* Neptune.usdz in Resources */,
				01255E0E2B696471004BC207 /* Rhea.usdz in Resources */,
				01255DF12B696471004BC207 /* Enceladus.usdz in Resources */,
				01255E0A2B696471004BC207 /* Mars.usdz in Resources */,
				01255DFF2B696471004BC207 /* Phobos.usdz in Resources */,
				01255DF72B696471004BC207 /* Jupiter.usdz in Resources */,
				01B1642D2CBCF0A900CA663B /* ColorMaterialScene.usdz in Resources */,
				01255DF92B696471004BC207 /* Europa.usdz in Resources */,
				01255E012B696471004BC207 /* Sun.usdz in Resources */,
				01489ED42B41F5C300E74447 /* Planetaria.json in Resources */,
				01255E042B696471004BC207 /* Uranus.usdz in Resources */,
				01255DF32B696471004BC207 /* Pluto.usdz in Resources */,
				01255E102B696471004BC207 /* Titania.usdz in Resources */,
				01F2B7EB2CD81C9700179385 /* Venus.usdz in Resources */,
				010412232CFA789200658DC5 /* Planetaria.bsp in Resources */,
				01255E0D2B696471004BC207 /* Ceres.usdz in Resources */,
				01255DFE2B696471004BC207 /* Miranda.usdz in Resources */,
				01255DF62B696471004BC207 /* Eris.usdz in Resources */,
				01A1B22A2CE105F90012A253 /* Earth-old.usdz in Resources */,
				01255DF22B696471004BC207 /* Charon.usdz in Resources */,
			);
			runOnlyForDeploymentPostprocessing = 0;
		};
		016867452548F1BD007D1553 /* Resources */ = {
			isa = PBXResourcesBuildPhase;
			buildActionMask = 2147483647;
			files = (
			);
			runOnlyForDeploymentPostprocessing = 0;
		};
		016867502548F1BD007D1553 /* Resources */ = {
			isa = PBXResourcesBuildPhase;
			buildActionMask = 2147483647;
			files = (
			);
			runOnlyForDeploymentPostprocessing = 0;
		};
		01D4C7922A8C8EE5000F59B7 /* Resources */ = {
			isa = PBXResourcesBuildPhase;
			buildActionMask = 2147483647;
			files = (
				01D4C79E2A8C8EE6000F59B7 /* Preview Assets.xcassets in Resources */,
				01D4C79B2A8C8EE6000F59B7 /* Assets.xcassets in Resources */,
				01B540E02B43929D00D5AF51 /* Planetaria.json in Resources */,
			);
			runOnlyForDeploymentPostprocessing = 0;
		};
/* End PBXResourcesBuildPhase section */

/* Begin PBXSourcesBuildPhase section */
		016867322548F1BB007D1553 /* Sources */ = {
			isa = PBXSourcesBuildPhase;
			buildActionMask = 2147483647;
			files = (
				0171668C2B45B1AB00A955D2 /* SystemDetails.swift in Sources */,
				01682DBA2B51E3130022797E /* FormattedText.swift in Sources */,
				0168673A2548F1BB007D1553 /* PlanetariaApp.swift in Sources */,
				01682DBC2B51E3160022797E /* Acknowledgements.swift in Sources */,
				0171668A2B45B1A600A955D2 /* ObjectDetails.swift in Sources */,
				01682DB92B51E3000022797E /* PropertyText.swift in Sources */,
				01B9BB0C2B5CA95800933E60 /* PhotoView.swift in Sources */,
				01B13FD92CD42CA7009E4569 /* ControlButton.swift in Sources */,
				017166882B45263000A955D2 /* Launcher.swift in Sources */,
				01E840302A1FB2C000B2153E /* Settings.swift in Sources */,
				01682DBF2B51E31C0022797E /* SelectionCard.swift in Sources */,
				01682DBD2B51E31A0022797E /* SelectionRow.swift in Sources */,
				011CB38A2A9C2FAE00749E31 /* Navigator.swift in Sources */,
				014DBF452B64E91300ECF79A /* ObjectIcon.swift in Sources */,
				01ACBD0A2CCB4F1A00775D99 /* ScrollSheet.swift in Sources */,
				01D62B322CC43153005AD8F7 /* SearchMenu.swift in Sources */,
			);
			runOnlyForDeploymentPostprocessing = 0;
		};
		016867432548F1BD007D1553 /* Sources */ = {
			isa = PBXSourcesBuildPhase;
			buildActionMask = 2147483647;
			files = (
			);
			runOnlyForDeploymentPostprocessing = 0;
		};
		0168674E2548F1BD007D1553 /* Sources */ = {
			isa = PBXSourcesBuildPhase;
			buildActionMask = 2147483647;
			files = (
			);
			runOnlyForDeploymentPostprocessing = 0;
		};
		01D4C7902A8C8EE5000F59B7 /* Sources */ = {
			isa = PBXSourcesBuildPhase;
			buildActionMask = 2147483647;
			files = (
				01D4C7972A8C8EE5000F59B7 /* PlanetariaWatchApp.swift in Sources */,
			);
			runOnlyForDeploymentPostprocessing = 0;
		};
/* End PBXSourcesBuildPhase section */

/* Begin PBXTargetDependency section */
		016867492548F1BD007D1553 /* PBXTargetDependency */ = {
			isa = PBXTargetDependency;
			target = 016867352548F1BB007D1553 /* Planetaria */;
			targetProxy = 016867482548F1BD007D1553 /* PBXContainerItemProxy */;
		};
		016867542548F1BD007D1553 /* PBXTargetDependency */ = {
			isa = PBXTargetDependency;
			platformFilter = ios;
			target = 016867352548F1BB007D1553 /* Planetaria */;
			targetProxy = 016867532548F1BD007D1553 /* PBXContainerItemProxy */;
		};
/* End PBXTargetDependency section */

/* Begin XCBuildConfiguration section */
		016867592548F1BD007D1553 /* Debug */ = {
			isa = XCBuildConfiguration;
			buildSettings = {
				ALWAYS_SEARCH_USER_PATHS = NO;
				CLANG_ANALYZER_NONNULL = YES;
				CLANG_ANALYZER_NUMBER_OBJECT_CONVERSION = YES_AGGRESSIVE;
				CLANG_CXX_LANGUAGE_STANDARD = "gnu++14";
				CLANG_CXX_LIBRARY = "libc++";
				CLANG_ENABLE_MODULES = YES;
				CLANG_ENABLE_OBJC_ARC = YES;
				CLANG_ENABLE_OBJC_WEAK = YES;
				CLANG_WARN_BLOCK_CAPTURE_AUTORELEASING = YES;
				CLANG_WARN_BOOL_CONVERSION = YES;
				CLANG_WARN_COMMA = YES;
				CLANG_WARN_CONSTANT_CONVERSION = YES;
				CLANG_WARN_DEPRECATED_OBJC_IMPLEMENTATIONS = YES;
				CLANG_WARN_DIRECT_OBJC_ISA_USAGE = YES_ERROR;
				CLANG_WARN_DOCUMENTATION_COMMENTS = YES;
				CLANG_WARN_EMPTY_BODY = YES;
				CLANG_WARN_ENUM_CONVERSION = YES;
				CLANG_WARN_INFINITE_RECURSION = YES;
				CLANG_WARN_INT_CONVERSION = YES;
				CLANG_WARN_NON_LITERAL_NULL_CONVERSION = YES;
				CLANG_WARN_OBJC_IMPLICIT_RETAIN_SELF = YES;
				CLANG_WARN_OBJC_LITERAL_CONVERSION = YES;
				CLANG_WARN_OBJC_ROOT_CLASS = YES_ERROR;
				CLANG_WARN_QUOTED_INCLUDE_IN_FRAMEWORK_HEADER = YES;
				CLANG_WARN_RANGE_LOOP_ANALYSIS = YES;
				CLANG_WARN_STRICT_PROTOTYPES = YES;
				CLANG_WARN_SUSPICIOUS_MOVE = YES;
				CLANG_WARN_UNGUARDED_AVAILABILITY = YES_AGGRESSIVE;
				CLANG_WARN_UNREACHABLE_CODE = YES;
				CLANG_WARN__DUPLICATE_METHOD_MATCH = YES;
				COPY_PHASE_STRIP = NO;
				DEBUG_INFORMATION_FORMAT = dwarf;
				ENABLE_STRICT_OBJC_MSGSEND = YES;
				ENABLE_TESTABILITY = YES;
				GCC_C_LANGUAGE_STANDARD = gnu11;
				GCC_DYNAMIC_NO_PIC = NO;
				GCC_NO_COMMON_BLOCKS = YES;
				GCC_OPTIMIZATION_LEVEL = 0;
				GCC_PREPROCESSOR_DEFINITIONS = (
					"DEBUG=1",
					"$(inherited)",
				);
				GCC_WARN_64_TO_32_BIT_CONVERSION = YES;
				GCC_WARN_ABOUT_RETURN_TYPE = YES_ERROR;
				GCC_WARN_UNDECLARED_SELECTOR = YES;
				GCC_WARN_UNINITIALIZED_AUTOS = YES_AGGRESSIVE;
				GCC_WARN_UNUSED_FUNCTION = YES;
				GCC_WARN_UNUSED_VARIABLE = YES;
				IPHONEOS_DEPLOYMENT_TARGET = 15.0;
				MTL_ENABLE_DEBUG_INFO = INCLUDE_SOURCE;
				MTL_FAST_MATH = YES;
				ONLY_ACTIVE_ARCH = YES;
				SDKROOT = iphoneos;
				SWIFT_ACTIVE_COMPILATION_CONDITIONS = DEBUG;
				SWIFT_OPTIMIZATION_LEVEL = "-Onone";
			};
			name = Debug;
		};
		0168675A2548F1BD007D1553 /* Release */ = {
			isa = XCBuildConfiguration;
			buildSettings = {
				ALWAYS_SEARCH_USER_PATHS = NO;
				CLANG_ANALYZER_NONNULL = YES;
				CLANG_ANALYZER_NUMBER_OBJECT_CONVERSION = YES_AGGRESSIVE;
				CLANG_CXX_LANGUAGE_STANDARD = "gnu++14";
				CLANG_CXX_LIBRARY = "libc++";
				CLANG_ENABLE_MODULES = YES;
				CLANG_ENABLE_OBJC_ARC = YES;
				CLANG_ENABLE_OBJC_WEAK = YES;
				CLANG_WARN_BLOCK_CAPTURE_AUTORELEASING = YES;
				CLANG_WARN_BOOL_CONVERSION = YES;
				CLANG_WARN_COMMA = YES;
				CLANG_WARN_CONSTANT_CONVERSION = YES;
				CLANG_WARN_DEPRECATED_OBJC_IMPLEMENTATIONS = YES;
				CLANG_WARN_DIRECT_OBJC_ISA_USAGE = YES_ERROR;
				CLANG_WARN_DOCUMENTATION_COMMENTS = YES;
				CLANG_WARN_EMPTY_BODY = YES;
				CLANG_WARN_ENUM_CONVERSION = YES;
				CLANG_WARN_INFINITE_RECURSION = YES;
				CLANG_WARN_INT_CONVERSION = YES;
				CLANG_WARN_NON_LITERAL_NULL_CONVERSION = YES;
				CLANG_WARN_OBJC_IMPLICIT_RETAIN_SELF = YES;
				CLANG_WARN_OBJC_LITERAL_CONVERSION = YES;
				CLANG_WARN_OBJC_ROOT_CLASS = YES_ERROR;
				CLANG_WARN_QUOTED_INCLUDE_IN_FRAMEWORK_HEADER = YES;
				CLANG_WARN_RANGE_LOOP_ANALYSIS = YES;
				CLANG_WARN_STRICT_PROTOTYPES = YES;
				CLANG_WARN_SUSPICIOUS_MOVE = YES;
				CLANG_WARN_UNGUARDED_AVAILABILITY = YES_AGGRESSIVE;
				CLANG_WARN_UNREACHABLE_CODE = YES;
				CLANG_WARN__DUPLICATE_METHOD_MATCH = YES;
				COPY_PHASE_STRIP = NO;
				DEBUG_INFORMATION_FORMAT = "dwarf-with-dsym";
				ENABLE_NS_ASSERTIONS = NO;
				ENABLE_STRICT_OBJC_MSGSEND = YES;
				GCC_C_LANGUAGE_STANDARD = gnu11;
				GCC_NO_COMMON_BLOCKS = YES;
				GCC_WARN_64_TO_32_BIT_CONVERSION = YES;
				GCC_WARN_ABOUT_RETURN_TYPE = YES_ERROR;
				GCC_WARN_UNDECLARED_SELECTOR = YES;
				GCC_WARN_UNINITIALIZED_AUTOS = YES_AGGRESSIVE;
				GCC_WARN_UNUSED_FUNCTION = YES;
				GCC_WARN_UNUSED_VARIABLE = YES;
				IPHONEOS_DEPLOYMENT_TARGET = 15.0;
				MTL_ENABLE_DEBUG_INFO = NO;
				MTL_FAST_MATH = YES;
				SDKROOT = iphoneos;
				SWIFT_COMPILATION_MODE = wholemodule;
				SWIFT_OPTIMIZATION_LEVEL = "-O";
				VALIDATE_PRODUCT = YES;
			};
			name = Release;
		};
		0168675C2548F1BD007D1553 /* Debug */ = {
			isa = XCBuildConfiguration;
			buildSettings = {
				ASSETCATALOG_COMPILER_APPICON_NAME = AppIcon;
				ASSETCATALOG_COMPILER_GLOBAL_ACCENT_COLOR_NAME = AccentColor;
				CODE_SIGN_ENTITLEMENTS = Planetaria/Planetaria.entitlements;
				"CODE_SIGN_IDENTITY[sdk=macosx*]" = "Apple Development";
				CODE_SIGN_STYLE = Automatic;
				CURRENT_PROJECT_VERSION = 7;
				DEVELOPMENT_ASSET_PATHS = "\"Planetaria/Preview Content\"";
				DEVELOPMENT_TEAM = 52RCCS37U6;
				ENABLE_PREVIEWS = YES;
				INFOPLIST_FILE = Planetaria/Info.plist;
				IPHONEOS_DEPLOYMENT_TARGET = 16.4;
				LD_RUNPATH_SEARCH_PATHS = (
					"$(inherited)",
					"@executable_path/Frameworks",
				);
				MACOSX_DEPLOYMENT_TARGET = 13.0;
				MARKETING_VERSION = 2.2.0;
				PRODUCT_BUNDLE_IDENTIFIER = com.rupertusapps.Planetaria;
				PRODUCT_NAME = "$(TARGET_NAME)";
				SDKROOT = xros;
				SUPPORTED_PLATFORMS = "iphoneos iphonesimulator macosx xros xrsimulator";
				SUPPORTS_MACCATALYST = NO;
				SUPPORTS_MAC_DESIGNED_FOR_IPHONE_IPAD = NO;
				SUPPORTS_XR_DESIGNED_FOR_IPHONE_IPAD = NO;
				SWIFT_VERSION = 5.0;
				TARGETED_DEVICE_FAMILY = "1,2,7";
				TVOS_DEPLOYMENT_TARGET = 17.0;
				XROS_DEPLOYMENT_TARGET = 1.0;
			};
			name = Debug;
		};
		0168675D2548F1BD007D1553 /* Release */ = {
			isa = XCBuildConfiguration;
			buildSettings = {
				ASSETCATALOG_COMPILER_APPICON_NAME = AppIcon;
				ASSETCATALOG_COMPILER_GLOBAL_ACCENT_COLOR_NAME = AccentColor;
				CODE_SIGN_ENTITLEMENTS = Planetaria/Planetaria.entitlements;
				"CODE_SIGN_IDENTITY[sdk=macosx*]" = "Apple Development";
				CODE_SIGN_STYLE = Automatic;
				CURRENT_PROJECT_VERSION = 7;
				DEVELOPMENT_ASSET_PATHS = "\"Planetaria/Preview Content\"";
				DEVELOPMENT_TEAM = 52RCCS37U6;
				ENABLE_PREVIEWS = YES;
				INFOPLIST_FILE = Planetaria/Info.plist;
				IPHONEOS_DEPLOYMENT_TARGET = 16.4;
				LD_RUNPATH_SEARCH_PATHS = (
					"$(inherited)",
					"@executable_path/Frameworks",
				);
				MACOSX_DEPLOYMENT_TARGET = 13.0;
				MARKETING_VERSION = 2.2.0;
				PRODUCT_BUNDLE_IDENTIFIER = com.rupertusapps.Planetaria;
				PRODUCT_NAME = "$(TARGET_NAME)";
				SDKROOT = xros;
				SUPPORTED_PLATFORMS = "iphoneos iphonesimulator macosx xros xrsimulator";
				SUPPORTS_MACCATALYST = NO;
				SUPPORTS_MAC_DESIGNED_FOR_IPHONE_IPAD = NO;
				SUPPORTS_XR_DESIGNED_FOR_IPHONE_IPAD = NO;
				SWIFT_VERSION = 5.0;
				TARGETED_DEVICE_FAMILY = "1,2,7";
				TVOS_DEPLOYMENT_TARGET = 17.0;
				XROS_DEPLOYMENT_TARGET = 1.0;
			};
			name = Release;
		};
		0168675F2548F1BD007D1553 /* Debug */ = {
			isa = XCBuildConfiguration;
			buildSettings = {
				ALWAYS_EMBED_SWIFT_STANDARD_LIBRARIES = YES;
				BUNDLE_LOADER = "$(TEST_HOST)";
				CODE_SIGN_STYLE = Automatic;
				DEVELOPMENT_TEAM = 52RCCS37U6;
				INFOPLIST_FILE = PlanetsTests/Info.plist;
				IPHONEOS_DEPLOYMENT_TARGET = 14.0;
				LD_RUNPATH_SEARCH_PATHS = (
					"$(inherited)",
					"@executable_path/Frameworks",
					"@loader_path/Frameworks",
				);
				PRODUCT_BUNDLE_IDENTIFIER = com.joerup2004.PlanetsTests;
				PRODUCT_NAME = "$(TARGET_NAME)";
				SWIFT_VERSION = 5.0;
				TARGETED_DEVICE_FAMILY = "1,2";
				TEST_HOST = "$(BUILT_PRODUCTS_DIR)/Planetaria.app/Planetaria";
			};
			name = Debug;
		};
		016867602548F1BD007D1553 /* Release */ = {
			isa = XCBuildConfiguration;
			buildSettings = {
				ALWAYS_EMBED_SWIFT_STANDARD_LIBRARIES = YES;
				BUNDLE_LOADER = "$(TEST_HOST)";
				CODE_SIGN_STYLE = Automatic;
				DEVELOPMENT_TEAM = 52RCCS37U6;
				INFOPLIST_FILE = PlanetsTests/Info.plist;
				IPHONEOS_DEPLOYMENT_TARGET = 14.0;
				LD_RUNPATH_SEARCH_PATHS = (
					"$(inherited)",
					"@executable_path/Frameworks",
					"@loader_path/Frameworks",
				);
				PRODUCT_BUNDLE_IDENTIFIER = com.joerup2004.PlanetsTests;
				PRODUCT_NAME = "$(TARGET_NAME)";
				SWIFT_VERSION = 5.0;
				TARGETED_DEVICE_FAMILY = "1,2";
				TEST_HOST = "$(BUILT_PRODUCTS_DIR)/Planetaria.app/Planetaria";
			};
			name = Release;
		};
		016867622548F1BD007D1553 /* Debug */ = {
			isa = XCBuildConfiguration;
			buildSettings = {
				ALWAYS_EMBED_SWIFT_STANDARD_LIBRARIES = YES;
				CODE_SIGN_STYLE = Automatic;
				DEVELOPMENT_TEAM = 52RCCS37U6;
				INFOPLIST_FILE = PlanetsUITests/Info.plist;
				LD_RUNPATH_SEARCH_PATHS = (
					"$(inherited)",
					"@executable_path/Frameworks",
					"@loader_path/Frameworks",
				);
				MACOSX_DEPLOYMENT_TARGET = 13.0;
				PRODUCT_BUNDLE_IDENTIFIER = com.joerup2004.PlanetsUITests;
				PRODUCT_NAME = "$(TARGET_NAME)";
				SUPPORTED_PLATFORMS = "iphoneos iphonesimulator";
				SUPPORTS_MACCATALYST = NO;
				SUPPORTS_MAC_DESIGNED_FOR_IPHONE_IPAD = NO;
				SWIFT_VERSION = 5.0;
				TARGETED_DEVICE_FAMILY = "1,2";
				TEST_TARGET_NAME = Planets;
				TVOS_DEPLOYMENT_TARGET = 16.0;
				WATCHOS_DEPLOYMENT_TARGET = 9.0;
			};
			name = Debug;
		};
		016867632548F1BD007D1553 /* Release */ = {
			isa = XCBuildConfiguration;
			buildSettings = {
				ALWAYS_EMBED_SWIFT_STANDARD_LIBRARIES = YES;
				CODE_SIGN_STYLE = Automatic;
				DEVELOPMENT_TEAM = 52RCCS37U6;
				INFOPLIST_FILE = PlanetsUITests/Info.plist;
				LD_RUNPATH_SEARCH_PATHS = (
					"$(inherited)",
					"@executable_path/Frameworks",
					"@loader_path/Frameworks",
				);
				MACOSX_DEPLOYMENT_TARGET = 13.0;
				PRODUCT_BUNDLE_IDENTIFIER = com.joerup2004.PlanetsUITests;
				PRODUCT_NAME = "$(TARGET_NAME)";
				SUPPORTED_PLATFORMS = "iphoneos iphonesimulator";
				SUPPORTS_MACCATALYST = NO;
				SUPPORTS_MAC_DESIGNED_FOR_IPHONE_IPAD = NO;
				SWIFT_VERSION = 5.0;
				TARGETED_DEVICE_FAMILY = "1,2";
				TEST_TARGET_NAME = Planets;
				TVOS_DEPLOYMENT_TARGET = 16.0;
				WATCHOS_DEPLOYMENT_TARGET = 9.0;
			};
			name = Release;
		};
		01D4C7A02A8C8EE6000F59B7 /* Debug */ = {
			isa = XCBuildConfiguration;
			buildSettings = {
				ASSETCATALOG_COMPILER_APPICON_NAME = AppIcon;
				ASSETCATALOG_COMPILER_GLOBAL_ACCENT_COLOR_NAME = AccentColor;
				CLANG_CXX_LANGUAGE_STANDARD = "gnu++20";
				CODE_SIGN_STYLE = Automatic;
				CURRENT_PROJECT_VERSION = 1;
				DEVELOPMENT_ASSET_PATHS = "\"PlanetariaWatch Watch App/Preview Content\"";
				DEVELOPMENT_TEAM = 52RCCS37U6;
				ENABLE_PREVIEWS = YES;
				GENERATE_INFOPLIST_FILE = YES;
				INFOPLIST_KEY_CFBundleDisplayName = PlanetariaWatch;
				INFOPLIST_KEY_UISupportedInterfaceOrientations = "UIInterfaceOrientationPortrait UIInterfaceOrientationPortraitUpsideDown";
				INFOPLIST_KEY_WKCompanionAppBundleIdentifier = com.rupertusapps.Planetaria;
				INFOPLIST_KEY_WKRunsIndependentlyOfCompanionApp = NO;
				LD_RUNPATH_SEARCH_PATHS = (
					"$(inherited)",
					"@executable_path/Frameworks",
				);
				MARKETING_VERSION = 1.0;
				PRODUCT_BUNDLE_IDENTIFIER = com.rupertusapps.Planetaria.watchkitapp;
				PRODUCT_NAME = "$(TARGET_NAME)";
				SDKROOT = watchos;
				SKIP_INSTALL = YES;
				SWIFT_EMIT_LOC_STRINGS = YES;
				SWIFT_VERSION = 5.0;
				TARGETED_DEVICE_FAMILY = 4;
				WATCHOS_DEPLOYMENT_TARGET = 10.0;
			};
			name = Debug;
		};
		01D4C7A12A8C8EE6000F59B7 /* Release */ = {
			isa = XCBuildConfiguration;
			buildSettings = {
				ASSETCATALOG_COMPILER_APPICON_NAME = AppIcon;
				ASSETCATALOG_COMPILER_GLOBAL_ACCENT_COLOR_NAME = AccentColor;
				CLANG_CXX_LANGUAGE_STANDARD = "gnu++20";
				CODE_SIGN_STYLE = Automatic;
				CURRENT_PROJECT_VERSION = 1;
				DEVELOPMENT_ASSET_PATHS = "\"PlanetariaWatch Watch App/Preview Content\"";
				DEVELOPMENT_TEAM = 52RCCS37U6;
				ENABLE_PREVIEWS = YES;
				GENERATE_INFOPLIST_FILE = YES;
				INFOPLIST_KEY_CFBundleDisplayName = PlanetariaWatch;
				INFOPLIST_KEY_UISupportedInterfaceOrientations = "UIInterfaceOrientationPortrait UIInterfaceOrientationPortraitUpsideDown";
				INFOPLIST_KEY_WKCompanionAppBundleIdentifier = com.rupertusapps.Planetaria;
				INFOPLIST_KEY_WKRunsIndependentlyOfCompanionApp = NO;
				LD_RUNPATH_SEARCH_PATHS = (
					"$(inherited)",
					"@executable_path/Frameworks",
				);
				MARKETING_VERSION = 1.0;
				PRODUCT_BUNDLE_IDENTIFIER = com.rupertusapps.Planetaria.watchkitapp;
				PRODUCT_NAME = "$(TARGET_NAME)";
				SDKROOT = watchos;
				SKIP_INSTALL = YES;
				SWIFT_EMIT_LOC_STRINGS = YES;
				SWIFT_VERSION = 5.0;
				TARGETED_DEVICE_FAMILY = 4;
				WATCHOS_DEPLOYMENT_TARGET = 10.0;
			};
			name = Release;
		};
/* End XCBuildConfiguration section */

/* Begin XCConfigurationList section */
		016867312548F1BB007D1553 /* Build configuration list for PBXProject "Planetaria" */ = {
			isa = XCConfigurationList;
			buildConfigurations = (
				016867592548F1BD007D1553 /* Debug */,
				0168675A2548F1BD007D1553 /* Release */,
			);
			defaultConfigurationIsVisible = 0;
			defaultConfigurationName = Release;
		};
		0168675B2548F1BD007D1553 /* Build configuration list for PBXNativeTarget "Planetaria" */ = {
			isa = XCConfigurationList;
			buildConfigurations = (
				0168675C2548F1BD007D1553 /* Debug */,
				0168675D2548F1BD007D1553 /* Release */,
			);
			defaultConfigurationIsVisible = 0;
			defaultConfigurationName = Release;
		};
		0168675E2548F1BD007D1553 /* Build configuration list for PBXNativeTarget "PlanetariaTests" */ = {
			isa = XCConfigurationList;
			buildConfigurations = (
				0168675F2548F1BD007D1553 /* Debug */,
				016867602548F1BD007D1553 /* Release */,
			);
			defaultConfigurationIsVisible = 0;
			defaultConfigurationName = Release;
		};
		016867612548F1BD007D1553 /* Build configuration list for PBXNativeTarget "PlanetariaUITests" */ = {
			isa = XCConfigurationList;
			buildConfigurations = (
				016867622548F1BD007D1553 /* Debug */,
				016867632548F1BD007D1553 /* Release */,
			);
			defaultConfigurationIsVisible = 0;
			defaultConfigurationName = Release;
		};
		01D4C79F2A8C8EE6000F59B7 /* Build configuration list for PBXNativeTarget "PlanetariaWatch Watch App" */ = {
			isa = XCConfigurationList;
			buildConfigurations = (
				01D4C7A02A8C8EE6000F59B7 /* Debug */,
				01D4C7A12A8C8EE6000F59B7 /* Release */,
			);
			defaultConfigurationIsVisible = 0;
			defaultConfigurationName = Release;
		};
/* End XCConfigurationList section */

/* Begin XCSwiftPackageProductDependency section */
		01C7BE7A2A8C64F80021D753 /* PlanetariaData */ = {
			isa = XCSwiftPackageProductDependency;
			productName = PlanetariaData;
		};
		01D4C7A22A8C8F6C000F59B7 /* PlanetariaData */ = {
			isa = XCSwiftPackageProductDependency;
			productName = PlanetariaData;
		};
/* End XCSwiftPackageProductDependency section */
	};
	rootObject = 0168672E2548F1BB007D1553 /* Project object */;
}
